
Microsoft Visual Studio Solution File, Format Version 12.00
# Visual Studio 2013
VisualStudioVersion = 12.0.30723.0
MinimumVisualStudioVersion = 10.0.40219.1
Project("{8BC9CEB8-8B4A-11D0-8D11-00A0C91BC942}") = "seECSy", "seECSy\seECSy.vcxproj", "{926B8A3D-C29B-44DF-8E18-0AC66B47BC28}"
EndProject
Project("{8BC9CEB8-8B4A-11D0-8D11-00A0C91BC942}") = "seECSy_test", "seECSy_test\seECSy_test.vcxproj", "{CDEA7E01-6CF3-4725-B16F-DB0279DD053E}"
EndProject
Global
	GlobalSection(SolutionConfigurationPlatforms) = preSolution
		Debug|Win32 = Debug|Win32
		Release|Win32 = Release|Win32
	EndGlobalSection
	GlobalSection(ProjectConfigurationPlatforms) = postSolution
		{926B8A3D-C29B-44DF-8E18-0AC66B47BC28}.Debug|Win32.ActiveCfg = Debug|Win32
		{926B8A3D-C29B-44DF-8E18-0AC66B47BC28}.Debug|Win32.Build.0 = Debug|Win32
		{926B8A3D-C29B-44DF-8E18-0AC66B47BC28}.Release|Win32.ActiveCfg = Release|Win32
		{926B8A3D-C29B-44DF-8E18-0AC66B47BC28}.Release|Win32.Build.0 = Release|Win32
		{CDEA7E01-6CF3-4725-B16F-DB0279DD053E}.Debug|Win32.ActiveCfg = Debug|Win32
		{CDEA7E01-6CF3-4725-B16F-DB0279DD053E}.Debug|Win32.Build.0 = Debug|Win32
		{CDEA7E01-6CF3-4725-B16F-DB0279DD053E}.Release|Win32.ActiveCfg = Release|Win32
		{CDEA7E01-6CF3-4725-B16F-DB0279DD053E}.Release|Win32.Build.0 = Release|Win32
	EndGlobalSection
	GlobalSection(SolutionProperties) = preSolution
		HideSolutionNode = FALSE
	EndGlobalSection
EndGlobal
